
Microsoft Visual Studio Solution File, Format Version 12.00
# Visual Studio Version 17
VisualStudioVersion = 17.9.34723.18
MinimumVisualStudioVersion = 10.0.40219.1
Project("{FAE04EC0-301F-11D3-BF4B-00C04F79EFBC}") = "EasyDocs", "EasyDocs.csproj", "{99409172-7F67-4D5F-9D78-0FFE7A6CFD1D}"
EndProject
Global
	GlobalSection(SolutionConfigurationPlatforms) = preSolution
		Debug|Any CPU = Debug|Any CPU
		Release|Any CPU = Release|Any CPU
	EndGlobalSection
	GlobalSection(ProjectConfigurationPlatforms) = postSolution
		{99409172-7F67-4D5F-9D78-0FFE7A6CFD1D}.Debug|Any CPU.ActiveCfg = Debug|Any CPU
		{99409172-7F67-4D5F-9D78-0FFE7A6CFD1D}.Debug|Any CPU.Build.0 = Debug|Any CPU
		{99409172-7F67-4D5F-9D78-0FFE7A6CFD1D}.Release|Any CPU.ActiveCfg = Release|Any CPU
		{99409172-7F67-4D5F-9D78-0FFE7A6CFD1D}.Release|Any CPU.Build.0 = Release|Any CPU
	EndGlobalSection
	GlobalSection(SolutionProperties) = preSolution
		HideSolutionNode = FALSE
	EndGlobalSection
	GlobalSection(ExtensibilityGlobals) = postSolution
		SolutionGuid = {CFB6B1F7-E428-4854-BCB8-DF031960C52D}
	EndGlobalSection
EndGlobal
